// !$*UTF8*$!
{
	archiveVersion = 1;
	classes = {
	};
	objectVersion = 55;
	objects = {

/* Begin PBXBuildFile section */
		79BCFEA72823CCE5008ED259 /* AppDelegate.swift in Sources */ = {isa = PBXBuildFile; fileRef = 79BCFEA62823CCE5008ED259 /* AppDelegate.swift */; };
		79BCFEA92823CCE5008ED259 /* SceneDelegate.swift in Sources */ = {isa = PBXBuildFile; fileRef = 79BCFEA82823CCE5008ED259 /* SceneDelegate.swift */; };
		79BCFEAB2823CCE5008ED259 /* ViewController.swift in Sources */ = {isa = PBXBuildFile; fileRef = 79BCFEAA2823CCE5008ED259 /* ViewController.swift */; };
		79BCFEAE2823CCE5008ED259 /* Main.storyboard in Resources */ = {isa = PBXBuildFile; fileRef = 79BCFEAC2823CCE5008ED259 /* Main.storyboard */; };
		79BCFEB02823CCE7008ED259 /* Assets.xcassets in Resources */ = {isa = PBXBuildFile; fileRef = 79BCFEAF2823CCE7008ED259 /* Assets.xcassets */; };
		79BCFEB32823CCE7008ED259 /* LaunchScreen.storyboard in Resources */ = {isa = PBXBuildFile; fileRef = 79BCFEB12823CCE7008ED259 /* LaunchScreen.storyboard */; };
		79BCFEBE2823CCE8008ED259 /* iKidTests.swift in Sources */ = {isa = PBXBuildFile; fileRef = 79BCFEBD2823CCE8008ED259 /* iKidTests.swift */; };
		79BCFEC82823CCE8008ED259 /* iKidUITests.swift in Sources */ = {isa = PBXBuildFile; fileRef = 79BCFEC72823CCE8008ED259 /* iKidUITests.swift */; };
		79BCFECA2823CCE8008ED259 /* iKidUITestsLaunchTests.swift in Sources */ = {isa = PBXBuildFile; fileRef = 79BCFEC92823CCE8008ED259 /* iKidUITestsLaunchTests.swift */; };
/* End PBXBuildFile section */

/* Begin PBXContainerItemProxy section */
		79BCFEBA2823CCE8008ED259 /* PBXContainerItemProxy */ = {
			isa = PBXContainerItemProxy;
			containerPortal = 79BCFE9B2823CCE5008ED259 /* Project object */;
			proxyType = 1;
			remoteGlobalIDString = 79BCFEA22823CCE5008ED259;
			remoteInfo = iKid;
		};
		79BCFEC42823CCE8008ED259 /* PBXContainerItemProxy */ = {
			isa = PBXContainerItemProxy;
			containerPortal = 79BCFE9B2823CCE5008ED259 /* Project object */;
			proxyType = 1;
			remoteGlobalIDString = 79BCFEA22823CCE5008ED259;
			remoteInfo = iKid;
		};
/* End PBXContainerItemProxy section */

/* Begin PBXFileReference section */
		79BCFEA32823CCE5008ED259 /* iKid.app */ = {isa = PBXFileReference; explicitFileType = wrapper.application; includeInIndex = 0; path = iKid.app; sourceTree = BUILT_PRODUCTS_DIR; };
		79BCFEA62823CCE5008ED259 /* AppDelegate.swift */ = {isa = PBXFileReference; lastKnownFileType = sourcecode.swift; path = AppDelegate.swift; sourceTree = "<group>"; };
		79BCFEA82823CCE5008ED259 /* SceneDelegate.swift */ = {isa = PBXFileReference; lastKnownFileType = sourcecode.swift; path = SceneDelegate.swift; sourceTree = "<group>"; };
		79BCFEAA2823CCE5008ED259 /* ViewController.swift */ = {isa = PBXFileReference; lastKnownFileType = sourcecode.swift; path = ViewController.swift; sourceTree = "<group>"; };
		79BCFEAD2823CCE5008ED259 /* Base */ = {isa = PBXFileReference; lastKnownFileType = file.storyboard; name = Base; path = Base.lproj/Main.storyboard; sourceTree = "<group>"; };
		79BCFEAF2823CCE7008ED259 /* Assets.xcassets */ = {isa = PBXFileReference; lastKnownFileType = folder.assetcatalog; path = Assets.xcassets; sourceTree = "<group>"; };
		79BCFEB22823CCE7008ED259 /* Base */ = {isa = PBXFileReference; lastKnownFileType = file.storyboard; name = Base; path = Base.lproj/LaunchScreen.storyboard; sourceTree = "<group>"; };
		79BCFEB42823CCE7008ED259 /* Info.plist */ = {isa = PBXFileReference; lastKnownFileType = text.plist.xml; path = Info.plist; sourceTree = "<group>"; };
		79BCFEB92823CCE8008ED259 /* iKidTests.xctest */ = {isa = PBXFileReference; explicitFileType = wrapper.cfbundle; includeInIndex = 0; path = iKidTests.xctest; sourceTree = BUILT_PRODUCTS_DIR; };
		79BCFEBD2823CCE8008ED259 /* iKidTests.swift */ = {isa = PBXFileReference; lastKnownFileType = sourcecode.swift; path = iKidTests.swift; sourceTree = "<group>"; };
		79BCFEC32823CCE8008ED259 /* iKidUITests.xctest */ = {isa = PBXFileReference; explicitFileType = wrapper.cfbundle; includeInIndex = 0; path = iKidUITests.xctest; sourceTree = BUILT_PRODUCTS_DIR; };
		79BCFEC72823CCE8008ED259 /* iKidUITests.swift */ = {isa = PBXFileReference; lastKnownFileType = sourcecode.swift; path = iKidUITests.swift; sourceTree = "<group>"; };
		79BCFEC92823CCE8008ED259 /* iKidUITestsLaunchTests.swift */ = {isa = PBXFileReference; lastKnownFileType = sourcecode.swift; path = iKidUITestsLaunchTests.swift; sourceTree = "<group>"; };
/* End PBXFileReference section */

/* Begin PBXFrameworksBuildPhase section */
		79BCFEA02823CCE5008ED259 /* Frameworks */ = {
			isa = PBXFrameworksBuildPhase;
			buildActionMask = 2147483647;
			files = (
			);
			runOnlyForDeploymentPostprocessing = 0;
		};
		79BCFEB62823CCE8008ED259 /* Frameworks */ = {
			isa = PBXFrameworksBuildPhase;
			buildActionMask = 2147483647;
			files = (
			);
			runOnlyForDeploymentPostprocessing = 0;
		};
		79BCFEC02823CCE8008ED259 /* Frameworks */ = {
			isa = PBXFrameworksBuildPhase;
			buildActionMask = 2147483647;
			files = (
			);
			runOnlyForDeploymentPostprocessing = 0;
		};
/* End PBXFrameworksBuildPhase section */

/* Begin PBXGroup section */
		79BCFE9A2823CCE5008ED259 = {
			isa = PBXGroup;
			children = (
				79BCFEA52823CCE5008ED259 /* iKid */,
				79BCFEBC2823CCE8008ED259 /* iKidTests */,
				79BCFEC62823CCE8008ED259 /* iKidUITests */,
				79BCFEA42823CCE5008ED259 /* Products */,
			);
			sourceTree = "<group>";
		};
		79BCFEA42823CCE5008ED259 /* Products */ = {
			isa = PBXGroup;
			children = (
				79BCFEA32823CCE5008ED259 /* iKid.app */,
				79BCFEB92823CCE8008ED259 /* iKidTests.xctest */,
				79BCFEC32823CCE8008ED259 /* iKidUITests.xctest */,
			);
			name = Products;
			sourceTree = "<group>";
		};
		79BCFEA52823CCE5008ED259 /* iKid */ = {
			isa = PBXGroup;
			children = (
				79BCFEA62823CCE5008ED259 /* AppDelegate.swift */,
				79BCFEA82823CCE5008ED259 /* SceneDelegate.swift */,
				79BCFEAA2823CCE5008ED259 /* ViewController.swift */,
				79BCFEAC2823CCE5008ED259 /* Main.storyboard */,
				79BCFEAF2823CCE7008ED259 /* Assets.xcassets */,
				79BCFEB12823CCE7008ED259 /* LaunchScreen.storyboard */,
				79BCFEB42823CCE7008ED259 /* Info.plist */,
			);
			path = iKid;
			sourceTree = "<group>";
		};
		79BCFEBC2823CCE8008ED259 /* iKidTests */ = {
			isa = PBXGroup;
			children = (
				79BCFEBD2823CCE8008ED259 /* iKidTests.swift */,
			);
			path = iKidTests;
			sourceTree = "<group>";
		};
		79BCFEC62823CCE8008ED259 /* iKidUITests */ = {
			isa = PBXGroup;
			children = (
				79BCFEC72823CCE8008ED259 /* iKidUITests.swift */,
				79BCFEC92823CCE8008ED259 /* iKidUITestsLaunchTests.swift */,
			);
			path = iKidUITests;
			sourceTree = "<group>";
		};
/* End PBXGroup section */

/* Begin PBXNativeTarget section */
		79BCFEA22823CCE5008ED259 /* iKid */ = {
			isa = PBXNativeTarget;
			buildConfigurationList = 79BCFECD2823CCE8008ED259 /* Build configuration list for PBXNativeTarget "iKid" */;
			buildPhases = (
				79BCFE9F2823CCE5008ED259 /* Sources */,
				79BCFEA02823CCE5008ED259 /* Frameworks */,
				79BCFEA12823CCE5008ED259 /* Resources */,
			);
			buildRules = (
			);
			dependencies = (
			);
			name = iKid;
			productName = iKid;
			productReference = 79BCFEA32823CCE5008ED259 /* iKid.app */;
			productType = "com.apple.product-type.application";
		};
		79BCFEB82823CCE8008ED259 /* iKidTests */ = {
			isa = PBXNativeTarget;
			buildConfigurationList = 79BCFED02823CCE8008ED259 /* Build configuration list for PBXNativeTarget "iKidTests" */;
			buildPhases = (
				79BCFEB52823CCE8008ED259 /* Sources */,
				79BCFEB62823CCE8008ED259 /* Frameworks */,
				79BCFEB72823CCE8008ED259 /* Resources */,
			);
			buildRules = (
			);
			dependencies = (
				79BCFEBB2823CCE8008ED259 /* PBXTargetDependency */,
			);
			name = iKidTests;
			productName = iKidTests;
			productReference = 79BCFEB92823CCE8008ED259 /* iKidTests.xctest */;
			productType = "com.apple.product-type.bundle.unit-test";
		};
		79BCFEC22823CCE8008ED259 /* iKidUITests */ = {
			isa = PBXNativeTarget;
			buildConfigurationList = 79BCFED32823CCE8008ED259 /* Build configuration list for PBXNativeTarget "iKidUITests" */;
			buildPhases = (
				79BCFEBF2823CCE8008ED259 /* Sources */,
				79BCFEC02823CCE8008ED259 /* Frameworks */,
				79BCFEC12823CCE8008ED259 /* Resources */,
			);
			buildRules = (
			);
			dependencies = (
				79BCFEC52823CCE8008ED259 /* PBXTargetDependency */,
			);
			name = iKidUITests;
			productName = iKidUITests;
			productReference = 79BCFEC32823CCE8008ED259 /* iKidUITests.xctest */;
			productType = "com.apple.product-type.bundle.ui-testing";
		};
/* End PBXNativeTarget section */

/* Begin PBXProject section */
		79BCFE9B2823CCE5008ED259 /* Project object */ = {
			isa = PBXProject;
			attributes = {
				BuildIndependentTargetsInParallel = 1;
				LastSwiftUpdateCheck = 1330;
				LastUpgradeCheck = 1330;
				TargetAttributes = {
					79BCFEA22823CCE5008ED259 = {
						CreatedOnToolsVersion = 13.3.1;
					};
					79BCFEB82823CCE8008ED259 = {
						CreatedOnToolsVersion = 13.3.1;
						TestTargetID = 79BCFEA22823CCE5008ED259;
					};
					79BCFEC22823CCE8008ED259 = {
						CreatedOnToolsVersion = 13.3.1;
						TestTargetID = 79BCFEA22823CCE5008ED259;
					};
				};
			};
			buildConfigurationList = 79BCFE9E2823CCE5008ED259 /* Build configuration list for PBXProject "iKid" */;
			compatibilityVersion = "Xcode 13.0";
			developmentRegion = en;
			hasScannedForEncodings = 0;
			knownRegions = (
				en,
				Base,
			);
			mainGroup = 79BCFE9A2823CCE5008ED259;
			productRefGroup = 79BCFEA42823CCE5008ED259 /* Products */;
			projectDirPath = "";
			projectRoot = "";
			targets = (
				79BCFEA22823CCE5008ED259 /* iKid */,
				79BCFEB82823CCE8008ED259 /* iKidTests */,
				79BCFEC22823CCE8008ED259 /* iKidUITests */,
			);
		};
/* End PBXProject section */

/* Begin PBXResourcesBuildPhase section */
		79BCFEA12823CCE5008ED259 /* Resources */ = {
			isa = PBXResourcesBuildPhase;
			buildActionMask = 2147483647;
			files = (
				79BCFEB32823CCE7008ED259 /* LaunchScreen.storyboard in Resources */,
				79BCFEB02823CCE7008ED259 /* Assets.xcassets in Resources */,
				79BCFEAE2823CCE5008ED259 /* Main.storyboard in Resources */,
			);
			runOnlyForDeploymentPostprocessing = 0;
		};
		79BCFEB72823CCE8008ED259 /* Resources */ = {
			isa = PBXResourcesBuildPhase;
			buildActionMask = 2147483647;
			files = (
			);
			runOnlyForDeploymentPostprocessing = 0;
		};
		79BCFEC12823CCE8008ED259 /* Resources */ = {
			isa = PBXResourcesBuildPhase;
			buildActionMask = 2147483647;
			files = (
			);
			runOnlyForDeploymentPostprocessing = 0;
		};
/* End PBXResourcesBuildPhase section */

/* Begin PBXSourcesBuildPhase section */
		79BCFE9F2823CCE5008ED259 /* Sources */ = {
			isa = PBXSourcesBuildPhase;
			buildActionMask = 2147483647;
			files = (
				79BCFEAB2823CCE5008ED259 /* ViewController.swift in Sources */,
				79BCFEA72823CCE5008ED259 /* AppDelegate.swift in Sources */,
				79BCFEA92823CCE5008ED259 /* SceneDelegate.swift in Sources */,
			);
			runOnlyForDeploymentPostprocessing = 0;
		};
		79BCFEB52823CCE8008ED259 /* Sources */ = {
			isa = PBXSourcesBuildPhase;
			buildActionMask = 2147483647;
			files = (
				79BCFEBE2823CCE8008ED259 /* iKidTests.swift in Sources */,
			);
			runOnlyForDeploymentPostprocessing = 0;
		};
		79BCFEBF2823CCE8008ED259 /* Sources */ = {
			isa = PBXSourcesBuildPhase;
			buildActionMask = 2147483647;
			files = (
				79BCFEC82823CCE8008ED259 /* iKidUITests.swift in Sources */,
				79BCFECA2823CCE8008ED259 /* iKidUITestsLaunchTests.swift in Sources */,
			);
			runOnlyForDeploymentPostprocessing = 0;
		};
/* End PBXSourcesBuildPhase section */

/* Begin PBXTargetDependency section */
		79BCFEBB2823CCE8008ED259 /* PBXTargetDependency */ = {
			isa = PBXTargetDependency;
			target = 79BCFEA22823CCE5008ED259 /* iKid */;
			targetProxy = 79BCFEBA2823CCE8008ED259 /* PBXContainerItemProxy */;
		};
		79BCFEC52823CCE8008ED259 /* PBXTargetDependency */ = {
			isa = PBXTargetDependency;
			target = 79BCFEA22823CCE5008ED259 /* iKid */;
			targetProxy = 79BCFEC42823CCE8008ED259 /* PBXContainerItemProxy */;
		};
/* End PBXTargetDependency section */

/* Begin PBXVariantGroup section */
		79BCFEAC2823CCE5008ED259 /* Main.storyboard */ = {
			isa = PBXVariantGroup;
			children = (
				79BCFEAD2823CCE5008ED259 /* Base */,
			);
			name = Main.storyboard;
			sourceTree = "<group>";
		};
		79BCFEB12823CCE7008ED259 /* LaunchScreen.storyboard */ = {
			isa = PBXVariantGroup;
			children = (
				79BCFEB22823CCE7008ED259 /* Base */,
			);
			name = LaunchScreen.storyboard;
			sourceTree = "<group>";
		};
/* End PBXVariantGroup section */

/* Begin XCBuildConfiguration section */
		79BCFECB2823CCE8008ED259 /* Debug */ = {
			isa = XCBuildConfiguration;
			buildSettings = {
				ALWAYS_SEARCH_USER_PATHS = NO;
				CLANG_ANALYZER_NONNULL = YES;
				CLANG_ANALYZER_NUMBER_OBJECT_CONVERSION = YES_AGGRESSIVE;
				CLANG_CXX_LANGUAGE_STANDARD = "gnu++17";
				CLANG_ENABLE_MODULES = YES;
				CLANG_ENABLE_OBJC_ARC = YES;
				CLANG_ENABLE_OBJC_WEAK = YES;
				CLANG_WARN_BLOCK_CAPTURE_AUTORELEASING = YES;
				CLANG_WARN_BOOL_CONVERSION = YES;
				CLANG_WARN_COMMA = YES;
				CLANG_WARN_CONSTANT_CONVERSION = YES;
				CLANG_WARN_DEPRECATED_OBJC_IMPLEMENTATIONS = YES;
				CLANG_WARN_DIRECT_OBJC_ISA_USAGE = YES_ERROR;
				CLANG_WARN_DOCUMENTATION_COMMENTS = YES;
				CLANG_WARN_EMPTY_BODY = YES;
				CLANG_WARN_ENUM_CONVERSION = YES;
				CLANG_WARN_INFINITE_RECURSION = YES;
				CLANG_WARN_INT_CONVERSION = YES;
				CLANG_WARN_NON_LITERAL_NULL_CONVERSION = YES;
				CLANG_WARN_OBJC_IMPLICIT_RETAIN_SELF = YES;
				CLANG_WARN_OBJC_LITERAL_CONVERSION = YES;
				CLANG_WARN_OBJC_ROOT_CLASS = YES_ERROR;
				CLANG_WARN_QUOTED_INCLUDE_IN_FRAMEWORK_HEADER = YES;
				CLANG_WARN_RANGE_LOOP_ANALYSIS = YES;
				CLANG_WARN_STRICT_PROTOTYPES = YES;
				CLANG_WARN_SUSPICIOUS_MOVE = YES;
				CLANG_WARN_UNGUARDED_AVAILABILITY = YES_AGGRESSIVE;
				CLANG_WARN_UNREACHABLE_CODE = YES;
				CLANG_WARN__DUPLICATE_METHOD_MATCH = YES;
				COPY_PHASE_STRIP = NO;
				DEBUG_INFORMATION_FORMAT = dwarf;
				ENABLE_STRICT_OBJC_MSGSEND = YES;
				ENABLE_TESTABILITY = YES;
				GCC_C_LANGUAGE_STANDARD = gnu11;
				GCC_DYNAMIC_NO_PIC = NO;
				GCC_NO_COMMON_BLOCKS = YES;
				GCC_OPTIMIZATION_LEVEL = 0;
				GCC_PREPROCESSOR_DEFINITIONS = (
					"DEBUG=1",
					"$(inherited)",
				);
				GCC_WARN_64_TO_32_BIT_CONVERSION = YES;
				GCC_WARN_ABOUT_RETURN_TYPE = YES_ERROR;
				GCC_WARN_UNDECLARED_SELECTOR = YES;
				GCC_WARN_UNINITIALIZED_AUTOS = YES_AGGRESSIVE;
				GCC_WARN_UNUSED_FUNCTION = YES;
				GCC_WARN_UNUSED_VARIABLE = YES;
				IPHONEOS_DEPLOYMENT_TARGET = 15.4;
				MTL_ENABLE_DEBUG_INFO = INCLUDE_SOURCE;
				MTL_FAST_MATH = YES;
				ONLY_ACTIVE_ARCH = YES;
				SDKROOT = iphoneos;
				SWIFT_ACTIVE_COMPILATION_CONDITIONS = DEBUG;
				SWIFT_OPTIMIZATION_LEVEL = "-Onone";
			};
			name = Debug;
		};
		79BCFECC2823CCE8008ED259 /* Release */ = {
			isa = XCBuildConfiguration;
			buildSettings = {
				ALWAYS_SEARCH_USER_PATHS = NO;
				CLANG_ANALYZER_NONNULL = YES;
				CLANG_ANALYZER_NUMBER_OBJECT_CONVERSION = YES_AGGRESSIVE;
				CLANG_CXX_LANGUAGE_STANDARD = "gnu++17";
				CLANG_ENABLE_MODULES = YES;
				CLANG_ENABLE_OBJC_ARC = YES;
				CLANG_ENABLE_OBJC_WEAK = YES;
				CLANG_WARN_BLOCK_CAPTURE_AUTORELEASING = YES;
				CLANG_WARN_BOOL_CONVERSION = YES;
				CLANG_WARN_COMMA = YES;
				CLANG_WARN_CONSTANT_CONVERSION = YES;
				CLANG_WARN_DEPRECATED_OBJC_IMPLEMENTATIONS = YES;
				CLANG_WARN_DIRECT_OBJC_ISA_USAGE = YES_ERROR;
				CLANG_WARN_DOCUMENTATION_COMMENTS = YES;
				CLANG_WARN_EMPTY_BODY = YES;
				CLANG_WARN_ENUM_CONVERSION = YES;
				CLANG_WARN_INFINITE_RECURSION = YES;
				CLANG_WARN_INT_CONVERSION = YES;
				CLANG_WARN_NON_LITERAL_NULL_CONVERSION = YES;
				CLANG_WARN_OBJC_IMPLICIT_RETAIN_SELF = YES;
				CLANG_WARN_OBJC_LITERAL_CONVERSION = YES;
				CLANG_WARN_OBJC_ROOT_CLASS = YES_ERROR;
				CLANG_WARN_QUOTED_INCLUDE_IN_FRAMEWORK_HEADER = YES;
				CLANG_WARN_RANGE_LOOP_ANALYSIS = YES;
				CLANG_WARN_STRICT_PROTOTYPES = YES;
				CLANG_WARN_SUSPICIOUS_MOVE = YES;
				CLANG_WARN_UNGUARDED_AVAILABILITY = YES_AGGRESSIVE;
				CLANG_WARN_UNREACHABLE_CODE = YES;
				CLANG_WARN__DUPLICATE_METHOD_MATCH = YES;
				COPY_PHASE_STRIP = NO;
				DEBUG_INFORMATION_FORMAT = "dwarf-with-dsym";
				ENABLE_NS_ASSERTIONS = NO;
				ENABLE_STRICT_OBJC_MSGSEND = YES;
				GCC_C_LANGUAGE_STANDARD = gnu11;
				GCC_NO_COMMON_BLOCKS = YES;
				GCC_WARN_64_TO_32_BIT_CONVERSION = YES;
				GCC_WARN_ABOUT_RETURN_TYPE = YES_ERROR;
				GCC_WARN_UNDECLARED_SELECTOR = YES;
				GCC_WARN_UNINITIALIZED_AUTOS = YES_AGGRESSIVE;
				GCC_WARN_UNUSED_FUNCTION = YES;
				GCC_WARN_UNUSED_VARIABLE = YES;
				IPHONEOS_DEPLOYMENT_TARGET = 15.4;
				MTL_ENABLE_DEBUG_INFO = NO;
				MTL_FAST_MATH = YES;
				SDKROOT = iphoneos;
				SWIFT_COMPILATION_MODE = wholemodule;
				SWIFT_OPTIMIZATION_LEVEL = "-O";
				VALIDATE_PRODUCT = YES;
			};
			name = Release;
		};
		79BCFECE2823CCE8008ED259 /* Debug */ = {
			isa = XCBuildConfiguration;
			buildSettings = {
				ASSETCATALOG_COMPILER_APPICON_NAME = AppIcon;
				ASSETCATALOG_COMPILER_GLOBAL_ACCENT_COLOR_NAME = AccentColor;
				CODE_SIGN_STYLE = Automatic;
				CURRENT_PROJECT_VERSION = 1;
				DEVELOPMENT_TEAM = 2N66C35MFX;
				GENERATE_INFOPLIST_FILE = YES;
				INFOPLIST_FILE = iKid/Info.plist;
				INFOPLIST_KEY_UIApplicationSupportsIndirectInputEvents = YES;
				INFOPLIST_KEY_UILaunchStoryboardName = LaunchScreen;
				INFOPLIST_KEY_UIMainStoryboardFile = Main;
				INFOPLIST_KEY_UISupportedInterfaceOrientations_iPad = "UIInterfaceOrientationPortrait UIInterfaceOrientationPortraitUpsideDown UIInterfaceOrientationLandscapeLeft UIInterfaceOrientationLandscapeRight";
				INFOPLIST_KEY_UISupportedInterfaceOrientations_iPhone = "UIInterfaceOrientationPortrait UIInterfaceOrientationLandscapeLeft UIInterfaceOrientationLandscapeRight";
				LD_RUNPATH_SEARCH_PATHS = (
					"$(inherited)",
					"@executable_path/Frameworks",
				);
				MARKETING_VERSION = 1.0;
				PRODUCT_BUNDLE_IDENTIFIER = skywu.iKid;
				PRODUCT_NAME = "$(TARGET_NAME)";
				SWIFT_EMIT_LOC_STRINGS = YES;
				SWIFT_VERSION = 5.0;
				TARGETED_DEVICE_FAMILY = "1,2";
			};
			name = Debug;
		};
		79BCFECF2823CCE8008ED259 /* Release */ = {
			isa = XCBuildConfiguration;
			buildSettings = {
				ASSETCATALOG_COMPILER_APPICON_NAME = AppIcon;
				ASSETCATALOG_COMPILER_GLOBAL_ACCENT_COLOR_NAME = AccentColor;
				CODE_SIGN_STYLE = Automatic;
				CURRENT_PROJECT_VERSION = 1;
				DEVELOPMENT_TEAM = 2N66C35MFX;
				GENERATE_INFOPLIST_FILE = YES;
				INFOPLIST_FILE = iKid/Info.plist;
				INFOPLIST_KEY_UIApplicationSupportsIndirectInputEvents = YES;
				INFOPLIST_KEY_UILaunchStoryboardName = LaunchScreen;
				INFOPLIST_KEY_UIMainStoryboardFile = Main;
				INFOPLIST_KEY_UISupportedInterfaceOrientations_iPad = "UIInterfaceOrientationPortrait UIInterfaceOrientationPortraitUpsideDown UIInterfaceOrientationLandscapeLeft UIInterfaceOrientationLandscapeRight";
				INFOPLIST_KEY_UISupportedInterfaceOrientations_iPhone = "UIInterfaceOrientationPortrait UIInterfaceOrientationLandscapeLeft UIInterfaceOrientationLandscapeRight";
				LD_RUNPATH_SEARCH_PATHS = (
					"$(inherited)",
					"@executable_path/Frameworks",
				);
				MARKETING_VERSION = 1.0;
				PRODUCT_BUNDLE_IDENTIFIER = skywu.iKid;
				PRODUCT_NAME = "$(TARGET_NAME)";
				SWIFT_EMIT_LOC_STRINGS = YES;
				SWIFT_VERSION = 5.0;
				TARGETED_DEVICE_FAMILY = "1,2";
			};
			name = Release;
		};
		79BCFED12823CCE8008ED259 /* Debug */ = {
			isa = XCBuildConfiguration;
			buildSettings = {
				ALWAYS_EMBED_SWIFT_STANDARD_LIBRARIES = YES;
				BUNDLE_LOADER = "$(TEST_HOST)";
				CODE_SIGN_STYLE = Automatic;
				CURRENT_PROJECT_VERSION = 1;
				DEVELOPMENT_TEAM = 2N66C35MFX;
				GENERATE_INFOPLIST_FILE = YES;
				IPHONEOS_DEPLOYMENT_TARGET = 15.4;
				MARKETING_VERSION = 1.0;
				PRODUCT_BUNDLE_IDENTIFIER = skywu.iKidTests;
				PRODUCT_NAME = "$(TARGET_NAME)";
				SWIFT_EMIT_LOC_STRINGS = NO;
				SWIFT_VERSION = 5.0;
				TARGETED_DEVICE_FAMILY = "1,2";
				TEST_HOST = "$(BUILT_PRODUCTS_DIR)/iKid.app/iKid";
			};
			name = Debug;
		};
		79BCFED22823CCE8008ED259 /* Release */ = {
			isa = XCBuildConfiguration;
			buildSettings = {
				ALWAYS_EMBED_SWIFT_STANDARD_LIBRARIES = YES;
				BUNDLE_LOADER = "$(TEST_HOST)";
				CODE_SIGN_STYLE = Automatic;
				CURRENT_PROJECT_VERSION = 1;
				DEVELOPMENT_TEAM = 2N66C35MFX;
				GENERATE_INFOPLIST_FILE = YES;
				IPHONEOS_DEPLOYMENT_TARGET = 15.4;
				MARKETING_VERSION = 1.0;
				PRODUCT_BUNDLE_IDENTIFIER = skywu.iKidTests;
				PRODUCT_NAME = "$(TARGET_NAME)";
				SWIFT_EMIT_LOC_STRINGS = NO;
				SWIFT_VERSION = 5.0;
				TARGETED_DEVICE_FAMILY = "1,2";
				TEST_HOST = "$(BUILT_PRODUCTS_DIR)/iKid.app/iKid";
			};
			name = Release;
		};
		79BCFED42823CCE8008ED259 /* Debug */ = {
			isa = XCBuildConfiguration;
			buildSettings = {
				ALWAYS_EMBED_SWIFT_STANDARD_LIBRARIES = YES;
				CODE_SIGN_STYLE = Automatic;
				CURRENT_PROJECT_VERSION = 1;
				DEVELOPMENT_TEAM = 2N66C35MFX;
				GENERATE_INFOPLIST_FILE = YES;
				MARKETING_VERSION = 1.0;
				PRODUCT_BUNDLE_IDENTIFIER = skywu.iKidUITests;
				PRODUCT_NAME = "$(TARGET_NAME)";
				SWIFT_EMIT_LOC_STRINGS = NO;
				SWIFT_VERSION = 5.0;
				TARGETED_DEVICE_FAMILY = "1,2";
				TEST_TARGET_NAME = iKid;
			};
			name = Debug;
		};
		79BCFED52823CCE8008ED259 /* Release */ = {
			isa = XCBuildConfiguration;
			buildSettings = {
				ALWAYS_EMBED_SWIFT_STANDARD_LIBRARIES = YES;
				CODE_SIGN_STYLE = Automatic;
				CURRENT_PROJECT_VERSION = 1;
				DEVELOPMENT_TEAM = 2N66C35MFX;
				GENERATE_INFOPLIST_FILE = YES;
				MARKETING_VERSION = 1.0;
				PRODUCT_BUNDLE_IDENTIFIER = skywu.iKidUITests;
				PRODUCT_NAME = "$(TARGET_NAME)";
				SWIFT_EMIT_LOC_STRINGS = NO;
				SWIFT_VERSION = 5.0;
				TARGETED_DEVICE_FAMILY = "1,2";
				TEST_TARGET_NAME = iKid;
			};
			name = Release;
		};
/* End XCBuildConfiguration section */

/* Begin XCConfigurationList section */
		79BCFE9E2823CCE5008ED259 /* Build configuration list for PBXProject "iKid" */ = {
			isa = XCConfigurationList;
			buildConfigurations = (
				79BCFECB2823CCE8008ED259 /* Debug */,
				79BCFECC2823CCE8008ED259 /* Release */,
			);
			defaultConfigurationIsVisible = 0;
			defaultConfigurationName = Release;
		};
		79BCFECD2823CCE8008ED259 /* Build configuration list for PBXNativeTarget "iKid" */ = {
			isa = XCConfigurationList;
			buildConfigurations = (
				79BCFECE2823CCE8008ED259 /* Debug */,
				79BCFECF2823CCE8008ED259 /* Release */,
			);
			defaultConfigurationIsVisible = 0;
			defaultConfigurationName = Release;
		};
		79BCFED02823CCE8008ED259 /* Build configuration list for PBXNativeTarget "iKidTests" */ = {
			isa = XCConfigurationList;
			buildConfigurations = (
				79BCFED12823CCE8008ED259 /* Debug */,
				79BCFED22823CCE8008ED259 /* Release */,
			);
			defaultConfigurationIsVisible = 0;
			defaultConfigurationName = Release;
		};
		79BCFED32823CCE8008ED259 /* Build configuration list for PBXNativeTarget "iKidUITests" */ = {
			isa = XCConfigurationList;
			buildConfigurations = (
				79BCFED42823CCE8008ED259 /* Debug */,
				79BCFED52823CCE8008ED259 /* Release */,
			);
			defaultConfigurationIsVisible = 0;
			defaultConfigurationName = Release;
		};
/* End XCConfigurationList section */
	};
	rootObject = 79BCFE9B2823CCE5008ED259 /* Project object */;
}
